
Microsoft Visual Studio Solution File, Format Version 12.00
# Visual Studio 2013
Project("{FAE04EC0-301F-11D3-BF4B-00C04F79EFBC}") = "TCC2 Ricardo Reiter.CSharp", "TCC2 Ricardo Reiter.CSharp.csproj", "{C849C591-B580-3838-FA5F-798520341E13}"
EndProject
Project("{FAE04EC0-301F-11D3-BF4B-00C04F79EFBC}") = "TCC2 Ricardo Reiter.CSharp.Editor", "TCC2 Ricardo Reiter.CSharp.Editor.csproj", "{4BA8C4A1-DA02-44FF-298C-0C81DC128A7D}"
EndProject
Global
	GlobalSection(SolutionConfigurationPlatforms) = preSolution
		Debug|Any CPU = Debug|Any CPU
		Release|Any CPU = Release|Any CPU
	EndGlobalSection
	GlobalSection(ProjectConfigurationPlatforms) = postSolution
		{C849C591-B580-3838-FA5F-798520341E13}.Debug|Any CPU.ActiveCfg = Debug|Any CPU
		{C849C591-B580-3838-FA5F-798520341E13}.Debug|Any CPU.Build.0 = Debug|Any CPU
		{C849C591-B580-3838-FA5F-798520341E13}.Release|Any CPU.ActiveCfg = Release|Any CPU
		{C849C591-B580-3838-FA5F-798520341E13}.Release|Any CPU.Build.0 = Release|Any CPU
		{4BA8C4A1-DA02-44FF-298C-0C81DC128A7D}.Debug|Any CPU.ActiveCfg = Debug|Any CPU
		{4BA8C4A1-DA02-44FF-298C-0C81DC128A7D}.Debug|Any CPU.Build.0 = Debug|Any CPU
		{4BA8C4A1-DA02-44FF-298C-0C81DC128A7D}.Release|Any CPU.ActiveCfg = Release|Any CPU
		{4BA8C4A1-DA02-44FF-298C-0C81DC128A7D}.Release|Any CPU.Build.0 = Release|Any CPU
	EndGlobalSection
	GlobalSection(SolutionProperties) = preSolution
		HideSolutionNode = FALSE
	EndGlobalSection
EndGlobal
